// !$*UTF8*$!
{
	archiveVersion = 1;
	classes = {
	};
	objectVersion = 77;
	objects = {

/* Begin PBXContainerItemProxy section */
		5383D7DA2CB86438000AF04E /* PBXContainerItemProxy */ = {
			isa = PBXContainerItemProxy;
			containerPortal = 5383D7C02CB86437000AF04E /* Project object */;
			proxyType = 1;
			remoteGlobalIDString = 5383D7C72CB86437000AF04E;
			remoteInfo = "color-picker-for-mac";
		};
		5383D7E42CB86438000AF04E /* PBXContainerItemProxy */ = {
			isa = PBXContainerItemProxy;
			containerPortal = 5383D7C02CB86437000AF04E /* Project object */;
			proxyType = 1;
			remoteGlobalIDString = 5383D7C72CB86437000AF04E;
			remoteInfo = "color-picker-for-mac";
		};
/* End PBXContainerItemProxy section */

/* Begin PBXFileReference section */
		5383D7C82CB86437000AF04E /* color-picker-for-mac.app */ = {isa = PBXFileReference; explicitFileType = wrapper.application; includeInIndex = 0; path = "color-picker-for-mac.app"; sourceTree = BUILT_PRODUCTS_DIR; };
		5383D7D92CB86438000AF04E /* color-picker-for-macTests.xctest */ = {isa = PBXFileReference; explicitFileType = wrapper.cfbundle; includeInIndex = 0; path = "color-picker-for-macTests.xctest"; sourceTree = BUILT_PRODUCTS_DIR; };
		5383D7E32CB86438000AF04E /* color-picker-for-macUITests.xctest */ = {isa = PBXFileReference; explicitFileType = wrapper.cfbundle; includeInIndex = 0; path = "color-picker-for-macUITests.xctest"; sourceTree = BUILT_PRODUCTS_DIR; };
/* End PBXFileReference section */

/* Begin PBXFileSystemSynchronizedBuildFileExceptionSet section */
		5383D82B2CB86877000AF04E /* Exceptions for "color-picker-for-mac" folder in "color-picker-for-mac" target */ = {
			isa = PBXFileSystemSynchronizedBuildFileExceptionSet;
			membershipExceptions = (
				Info.plist,
			);
			target = 5383D7C72CB86437000AF04E /* color-picker-for-mac */;
		};
/* End PBXFileSystemSynchronizedBuildFileExceptionSet section */

/* Begin PBXFileSystemSynchronizedRootGroup section */
		5383D7CA2CB86437000AF04E /* color-picker-for-mac */ = {
			isa = PBXFileSystemSynchronizedRootGroup;
			exceptions = (
				5383D82B2CB86877000AF04E /* Exceptions for "color-picker-for-mac" folder in "color-picker-for-mac" target */,
			);
			path = "color-picker-for-mac";
			sourceTree = "<group>";
		};
		5383D7DC2CB86438000AF04E /* color-picker-for-macTests */ = {
			isa = PBXFileSystemSynchronizedRootGroup;
			path = "color-picker-for-macTests";
			sourceTree = "<group>";
		};
		5383D7E62CB86438000AF04E /* color-picker-for-macUITests */ = {
			isa = PBXFileSystemSynchronizedRootGroup;
			path = "color-picker-for-macUITests";
			sourceTree = "<group>";
		};
/* End PBXFileSystemSynchronizedRootGroup section */

/* Begin PBXFrameworksBuildPhase section */
		5383D7C52CB86437000AF04E /* Frameworks */ = {
			isa = PBXFrameworksBuildPhase;
			buildActionMask = 2147483647;
			files = (
			);
			runOnlyForDeploymentPostprocessing = 0;
		};
		5383D7D62CB86438000AF04E /* Frameworks */ = {
			isa = PBXFrameworksBuildPhase;
			buildActionMask = 2147483647;
			files = (
			);
			runOnlyForDeploymentPostprocessing = 0;
		};
		5383D7E02CB86438000AF04E /* Frameworks */ = {
			isa = PBXFrameworksBuildPhase;
			buildActionMask = 2147483647;
			files = (
			);
			runOnlyForDeploymentPostprocessing = 0;
		};
/* End PBXFrameworksBuildPhase section */

/* Begin PBXGroup section */
		5383D7BF2CB86437000AF04E = {
			isa = PBXGroup;
			children = (
				5383D7CA2CB86437000AF04E /* color-picker-for-mac */,
				5383D7DC2CB86438000AF04E /* color-picker-for-macTests */,
				5383D7E62CB86438000AF04E /* color-picker-for-macUITests */,
				5383D7C92CB86437000AF04E /* Products */,
			);
			sourceTree = "<group>";
		};
		5383D7C92CB86437000AF04E /* Products */ = {
			isa = PBXGroup;
			children = (
				5383D7C82CB86437000AF04E /* color-picker-for-mac.app */,
				5383D7D92CB86438000AF04E /* color-picker-for-macTests.xctest */,
				5383D7E32CB86438000AF04E /* color-picker-for-macUITests.xctest */,
			);
			name = Products;
			sourceTree = "<group>";
		};
/* End PBXGroup section */

/* Begin PBXNativeTarget section */
		5383D7C72CB86437000AF04E /* color-picker-for-mac */ = {
			isa = PBXNativeTarget;
			buildConfigurationList = 5383D7ED2CB86438000AF04E /* Build configuration list for PBXNativeTarget "color-picker-for-mac" */;
			buildPhases = (
				5383D7C42CB86437000AF04E /* Sources */,
				5383D7C52CB86437000AF04E /* Frameworks */,
				5383D7C62CB86437000AF04E /* Resources */,
			);
			buildRules = (
			);
			dependencies = (
			);
			fileSystemSynchronizedGroups = (
				5383D7CA2CB86437000AF04E /* color-picker-for-mac */,
			);
			name = "color-picker-for-mac";
			packageProductDependencies = (
			);
			productName = "color-picker-for-mac";
			productReference = 5383D7C82CB86437000AF04E /* color-picker-for-mac.app */;
			productType = "com.apple.product-type.application";
		};
		5383D7D82CB86438000AF04E /* color-picker-for-macTests */ = {
			isa = PBXNativeTarget;
			buildConfigurationList = 5383D7F02CB86438000AF04E /* Build configuration list for PBXNativeTarget "color-picker-for-macTests" */;
			buildPhases = (
				5383D7D52CB86438000AF04E /* Sources */,
				5383D7D62CB86438000AF04E /* Frameworks */,
				5383D7D72CB86438000AF04E /* Resources */,
			);
			buildRules = (
			);
			dependencies = (
				5383D7DB2CB86438000AF04E /* PBXTargetDependency */,
			);
			fileSystemSynchronizedGroups = (
				5383D7DC2CB86438000AF04E /* color-picker-for-macTests */,
			);
			name = "color-picker-for-macTests";
			packageProductDependencies = (
			);
			productName = "color-picker-for-macTests";
			productReference = 5383D7D92CB86438000AF04E /* color-picker-for-macTests.xctest */;
			productType = "com.apple.product-type.bundle.unit-test";
		};
		5383D7E22CB86438000AF04E /* color-picker-for-macUITests */ = {
			isa = PBXNativeTarget;
			buildConfigurationList = 5383D7F32CB86438000AF04E /* Build configuration list for PBXNativeTarget "color-picker-for-macUITests" */;
			buildPhases = (
				5383D7DF2CB86438000AF04E /* Sources */,
				5383D7E02CB86438000AF04E /* Frameworks */,
				5383D7E12CB86438000AF04E /* Resources */,
			);
			buildRules = (
			);
			dependencies = (
				5383D7E52CB86438000AF04E /* PBXTargetDependency */,
			);
			fileSystemSynchronizedGroups = (
				5383D7E62CB86438000AF04E /* color-picker-for-macUITests */,
			);
			name = "color-picker-for-macUITests";
			packageProductDependencies = (
			);
			productName = "color-picker-for-macUITests";
			productReference = 5383D7E32CB86438000AF04E /* color-picker-for-macUITests.xctest */;
			productType = "com.apple.product-type.bundle.ui-testing";
		};
/* End PBXNativeTarget section */

/* Begin PBXProject section */
		5383D7C02CB86437000AF04E /* Project object */ = {
			isa = PBXProject;
			attributes = {
				BuildIndependentTargetsInParallel = 1;
				LastSwiftUpdateCheck = 1600;
				LastUpgradeCheck = 1600;
				TargetAttributes = {
					5383D7C72CB86437000AF04E = {
						CreatedOnToolsVersion = 16.0;
					};
					5383D7D82CB86438000AF04E = {
						CreatedOnToolsVersion = 16.0;
						TestTargetID = 5383D7C72CB86437000AF04E;
					};
					5383D7E22CB86438000AF04E = {
						CreatedOnToolsVersion = 16.0;
						TestTargetID = 5383D7C72CB86437000AF04E;
					};
				};
			};
			buildConfigurationList = 5383D7C32CB86437000AF04E /* Build configuration list for PBXProject "color-picker-for-mac" */;
			developmentRegion = en;
			hasScannedForEncodings = 0;
			knownRegions = (
				en,
				Base,
			);
			mainGroup = 5383D7BF2CB86437000AF04E;
			minimizedProjectReferenceProxies = 1;
			preferredProjectObjectVersion = 77;
			productRefGroup = 5383D7C92CB86437000AF04E /* Products */;
			projectDirPath = "";
			projectRoot = "";
			targets = (
				5383D7C72CB86437000AF04E /* color-picker-for-mac */,
				5383D7D82CB86438000AF04E /* color-picker-for-macTests */,
				5383D7E22CB86438000AF04E /* color-picker-for-macUITests */,
			);
		};
/* End PBXProject section */

/* Begin PBXResourcesBuildPhase section */
		5383D7C62CB86437000AF04E /* Resources */ = {
			isa = PBXResourcesBuildPhase;
			buildActionMask = 2147483647;
			files = (
			);
			runOnlyForDeploymentPostprocessing = 0;
		};
		5383D7D72CB86438000AF04E /* Resources */ = {
			isa = PBXResourcesBuildPhase;
			buildActionMask = 2147483647;
			files = (
			);
			runOnlyForDeploymentPostprocessing = 0;
		};
		5383D7E12CB86438000AF04E /* Resources */ = {
			isa = PBXResourcesBuildPhase;
			buildActionMask = 2147483647;
			files = (
			);
			runOnlyForDeploymentPostprocessing = 0;
		};
/* End PBXResourcesBuildPhase section */

/* Begin PBXSourcesBuildPhase section */
		5383D7C42CB86437000AF04E /* Sources */ = {
			isa = PBXSourcesBuildPhase;
			buildActionMask = 2147483647;
			files = (
			);
			runOnlyForDeploymentPostprocessing = 0;
		};
		5383D7D52CB86438000AF04E /* Sources */ = {
			isa = PBXSourcesBuildPhase;
			buildActionMask = 2147483647;
			files = (
			);
			runOnlyForDeploymentPostprocessing = 0;
		};
		5383D7DF2CB86438000AF04E /* Sources */ = {
			isa = PBXSourcesBuildPhase;
			buildActionMask = 2147483647;
			files = (
			);
			runOnlyForDeploymentPostprocessing = 0;
		};
/* End PBXSourcesBuildPhase section */

/* Begin PBXTargetDependency section */
		5383D7DB2CB86438000AF04E /* PBXTargetDependency */ = {
			isa = PBXTargetDependency;
			target = 5383D7C72CB86437000AF04E /* color-picker-for-mac */;
			targetProxy = 5383D7DA2CB86438000AF04E /* PBXContainerItemProxy */;
		};
		5383D7E52CB86438000AF04E /* PBXTargetDependency */ = {
			isa = PBXTargetDependency;
			target = 5383D7C72CB86437000AF04E /* color-picker-for-mac */;
			targetProxy = 5383D7E42CB86438000AF04E /* PBXContainerItemProxy */;
		};
/* End PBXTargetDependency section */

/* Begin XCBuildConfiguration section */
		5383D7EB2CB86438000AF04E /* Debug */ = {
			isa = XCBuildConfiguration;
			buildSettings = {
				ALWAYS_SEARCH_USER_PATHS = NO;
				ASSETCATALOG_COMPILER_GENERATE_SWIFT_ASSET_SYMBOL_EXTENSIONS = YES;
				CLANG_ANALYZER_NONNULL = YES;
				CLANG_ANALYZER_NUMBER_OBJECT_CONVERSION = YES_AGGRESSIVE;
				CLANG_CXX_LANGUAGE_STANDARD = "gnu++20";
				CLANG_ENABLE_MODULES = YES;
				CLANG_ENABLE_OBJC_ARC = YES;
				CLANG_ENABLE_OBJC_WEAK = YES;
				CLANG_WARN_BLOCK_CAPTURE_AUTORELEASING = YES;
				CLANG_WARN_BOOL_CONVERSION = YES;
				CLANG_WARN_COMMA = YES;
				CLANG_WARN_CONSTANT_CONVERSION = YES;
				CLANG_WARN_DEPRECATED_OBJC_IMPLEMENTATIONS = YES;
				CLANG_WARN_DIRECT_OBJC_ISA_USAGE = YES_ERROR;
				CLANG_WARN_DOCUMENTATION_COMMENTS = YES;
				CLANG_WARN_EMPTY_BODY = YES;
				CLANG_WARN_ENUM_CONVERSION = YES;
				CLANG_WARN_INFINITE_RECURSION = YES;
				CLANG_WARN_INT_CONVERSION = YES;
				CLANG_WARN_NON_LITERAL_NULL_CONVERSION = YES;
				CLANG_WARN_OBJC_IMPLICIT_RETAIN_SELF = YES;
				CLANG_WARN_OBJC_LITERAL_CONVERSION = YES;
				CLANG_WARN_OBJC_ROOT_CLASS = YES_ERROR;
				CLANG_WARN_QUOTED_INCLUDE_IN_FRAMEWORK_HEADER = YES;
				CLANG_WARN_RANGE_LOOP_ANALYSIS = YES;
				CLANG_WARN_STRICT_PROTOTYPES = YES;
				CLANG_WARN_SUSPICIOUS_MOVE = YES;
				CLANG_WARN_UNGUARDED_AVAILABILITY = YES_AGGRESSIVE;
				CLANG_WARN_UNREACHABLE_CODE = YES;
				CLANG_WARN__DUPLICATE_METHOD_MATCH = YES;
				COPY_PHASE_STRIP = NO;
				DEBUG_INFORMATION_FORMAT = dwarf;
				ENABLE_STRICT_OBJC_MSGSEND = YES;
				ENABLE_TESTABILITY = YES;
				ENABLE_USER_SCRIPT_SANDBOXING = YES;
				GCC_C_LANGUAGE_STANDARD = gnu17;
				GCC_DYNAMIC_NO_PIC = NO;
				GCC_NO_COMMON_BLOCKS = YES;
				GCC_OPTIMIZATION_LEVEL = 0;
				GCC_PREPROCESSOR_DEFINITIONS = (
					"DEBUG=1",
					"$(inherited)",
				);
				GCC_WARN_64_TO_32_BIT_CONVERSION = YES;
				GCC_WARN_ABOUT_RETURN_TYPE = YES_ERROR;
				GCC_WARN_UNDECLARED_SELECTOR = YES;
				GCC_WARN_UNINITIALIZED_AUTOS = YES_AGGRESSIVE;
				GCC_WARN_UNUSED_FUNCTION = YES;
				GCC_WARN_UNUSED_VARIABLE = YES;
				LOCALIZATION_PREFERS_STRING_CATALOGS = YES;
				MACOSX_DEPLOYMENT_TARGET = 14.6;
				MTL_ENABLE_DEBUG_INFO = INCLUDE_SOURCE;
				MTL_FAST_MATH = YES;
				ONLY_ACTIVE_ARCH = YES;
				SDKROOT = macosx;
				SWIFT_ACTIVE_COMPILATION_CONDITIONS = "DEBUG $(inherited)";
				SWIFT_OPTIMIZATION_LEVEL = "-Onone";
			};
			name = Debug;
		};
		5383D7EC2CB86438000AF04E /* Release */ = {
			isa = XCBuildConfiguration;
			buildSettings = {
				ALWAYS_SEARCH_USER_PATHS = NO;
				ASSETCATALOG_COMPILER_GENERATE_SWIFT_ASSET_SYMBOL_EXTENSIONS = YES;
				CLANG_ANALYZER_NONNULL = YES;
				CLANG_ANALYZER_NUMBER_OBJECT_CONVERSION = YES_AGGRESSIVE;
				CLANG_CXX_LANGUAGE_STANDARD = "gnu++20";
				CLANG_ENABLE_MODULES = YES;
				CLANG_ENABLE_OBJC_ARC = YES;
				CLANG_ENABLE_OBJC_WEAK = YES;
				CLANG_WARN_BLOCK_CAPTURE_AUTORELEASING = YES;
				CLANG_WARN_BOOL_CONVERSION = YES;
				CLANG_WARN_COMMA = YES;
				CLANG_WARN_CONSTANT_CONVERSION = YES;
				CLANG_WARN_DEPRECATED_OBJC_IMPLEMENTATIONS = YES;
				CLANG_WARN_DIRECT_OBJC_ISA_USAGE = YES_ERROR;
				CLANG_WARN_DOCUMENTATION_COMMENTS = YES;
				CLANG_WARN_EMPTY_BODY = YES;
				CLANG_WARN_ENUM_CONVERSION = YES;
				CLANG_WARN_INFINITE_RECURSION = YES;
				CLANG_WARN_INT_CONVERSION = YES;
				CLANG_WARN_NON_LITERAL_NULL_CONVERSION = YES;
				CLANG_WARN_OBJC_IMPLICIT_RETAIN_SELF = YES;
				CLANG_WARN_OBJC_LITERAL_CONVERSION = YES;
				CLANG_WARN_OBJC_ROOT_CLASS = YES_ERROR;
				CLANG_WARN_QUOTED_INCLUDE_IN_FRAMEWORK_HEADER = YES;
				CLANG_WARN_RANGE_LOOP_ANALYSIS = YES;
				CLANG_WARN_STRICT_PROTOTYPES = YES;
				CLANG_WARN_SUSPICIOUS_MOVE = YES;
				CLANG_WARN_UNGUARDED_AVAILABILITY = YES_AGGRESSIVE;
				CLANG_WARN_UNREACHABLE_CODE = YES;
				CLANG_WARN__DUPLICATE_METHOD_MATCH = YES;
				COPY_PHASE_STRIP = NO;
				DEBUG_INFORMATION_FORMAT = "dwarf-with-dsym";
				ENABLE_NS_ASSERTIONS = NO;
				ENABLE_STRICT_OBJC_MSGSEND = YES;
				ENABLE_USER_SCRIPT_SANDBOXING = YES;
				GCC_C_LANGUAGE_STANDARD = gnu17;
				GCC_NO_COMMON_BLOCKS = YES;
				GCC_WARN_64_TO_32_BIT_CONVERSION = YES;
				GCC_WARN_ABOUT_RETURN_TYPE = YES_ERROR;
				GCC_WARN_UNDECLARED_SELECTOR = YES;
				GCC_WARN_UNINITIALIZED_AUTOS = YES_AGGRESSIVE;
				GCC_WARN_UNUSED_FUNCTION = YES;
				GCC_WARN_UNUSED_VARIABLE = YES;
				LOCALIZATION_PREFERS_STRING_CATALOGS = YES;
				MACOSX_DEPLOYMENT_TARGET = 14.6;
				MTL_ENABLE_DEBUG_INFO = NO;
				MTL_FAST_MATH = YES;
				SDKROOT = macosx;
				SWIFT_COMPILATION_MODE = wholemodule;
			};
			name = Release;
		};
		5383D7EE2CB86438000AF04E /* Debug */ = {
			isa = XCBuildConfiguration;
			buildSettings = {
				ASSETCATALOG_COMPILER_APPICON_NAME = AppIcon;
				ASSETCATALOG_COMPILER_GLOBAL_ACCENT_COLOR_NAME = AccentColor;
				CODE_SIGN_ENTITLEMENTS = "color-picker-for-mac/color_picker_for_mac.entitlements";
				CODE_SIGN_STYLE = Automatic;
				COMBINE_HIDPI_IMAGES = YES;
				CURRENT_PROJECT_VERSION = 1;
				DEVELOPMENT_ASSET_PATHS = "\"color-picker-for-mac/Preview Content\"";
				DEVELOPMENT_TEAM = XDS5JL6ABP;
				ENABLE_HARDENED_RUNTIME = YES;
				ENABLE_PREVIEWS = YES;
				GENERATE_INFOPLIST_FILE = YES;
				INFOPLIST_FILE = "color-picker-for-mac/Info.plist";
				INFOPLIST_KEY_NSHumanReadableCopyright = "";
				LD_RUNPATH_SEARCH_PATHS = (
					"$(inherited)",
					"@executable_path/../Frameworks",
				);
				MARKETING_VERSION = 1.0;
				PRODUCT_BUNDLE_IDENTIFIER = "com.emrecil.color-picker-for-mac";
				PRODUCT_NAME = "$(TARGET_NAME)";
				SWIFT_EMIT_LOC_STRINGS = YES;
				SWIFT_VERSION = 5.0;
			};
			name = Debug;
		};
		5383D7EF2CB86438000AF04E /* Release */ = {
			isa = XCBuildConfiguration;
			buildSettings = {
				ASSETCATALOG_COMPILER_APPICON_NAME = AppIcon;
				ASSETCATALOG_COMPILER_GLOBAL_ACCENT_COLOR_NAME = AccentColor;
				CODE_SIGN_ENTITLEMENTS = "color-picker-for-mac/color_picker_for_mac.entitlements";
				CODE_SIGN_STYLE = Automatic;
				COMBINE_HIDPI_IMAGES = YES;
				CURRENT_PROJECT_VERSION = 1;
				DEVELOPMENT_ASSET_PATHS = "\"color-picker-for-mac/Preview Content\"";
				DEVELOPMENT_TEAM = XDS5JL6ABP;
				ENABLE_HARDENED_RUNTIME = YES;
				ENABLE_PREVIEWS = YES;
				GENERATE_INFOPLIST_FILE = YES;
				INFOPLIST_FILE = "color-picker-for-mac/Info.plist";
				INFOPLIST_KEY_NSHumanReadableCopyright = "";
				LD_RUNPATH_SEARCH_PATHS = (
					"$(inherited)",
					"@executable_path/../Frameworks",
				);
				MARKETING_VERSION = 1.0;
				PRODUCT_BUNDLE_IDENTIFIER = "com.emrecil.color-picker-for-mac";
				PRODUCT_NAME = "$(TARGET_NAME)";
				SWIFT_EMIT_LOC_STRINGS = YES;
				SWIFT_VERSION = 5.0;
			};
			name = Release;
		};
		5383D7F12CB86438000AF04E /* Debug */ = {
			isa = XCBuildConfiguration;
			buildSettings = {
				BUNDLE_LOADER = "$(TEST_HOST)";
				CODE_SIGN_STYLE = Automatic;
				CURRENT_PROJECT_VERSION = 1;
				DEVELOPMENT_TEAM = XDS5JL6ABP;
				GENERATE_INFOPLIST_FILE = YES;
				MACOSX_DEPLOYMENT_TARGET = 14.6;
				MARKETING_VERSION = 1.0;
				PRODUCT_BUNDLE_IDENTIFIER = "com.emrecil.color-picker-for-macTests";
				PRODUCT_NAME = "$(TARGET_NAME)";
				SWIFT_EMIT_LOC_STRINGS = NO;
				SWIFT_VERSION = 5.0;
				TEST_HOST = "$(BUILT_PRODUCTS_DIR)/color-picker-for-mac.app/$(BUNDLE_EXECUTABLE_FOLDER_PATH)/color-picker-for-mac";
			};
			name = Debug;
		};
		5383D7F22CB86438000AF04E /* Release */ = {
			isa = XCBuildConfiguration;
			buildSettings = {
				BUNDLE_LOADER = "$(TEST_HOST)";
				CODE_SIGN_STYLE = Automatic;
				CURRENT_PROJECT_VERSION = 1;
				DEVELOPMENT_TEAM = XDS5JL6ABP;
				GENERATE_INFOPLIST_FILE = YES;
				MACOSX_DEPLOYMENT_TARGET = 14.6;
				MARKETING_VERSION = 1.0;
				PRODUCT_BUNDLE_IDENTIFIER = "com.emrecil.color-picker-for-macTests";
				PRODUCT_NAME = "$(TARGET_NAME)";
				SWIFT_EMIT_LOC_STRINGS = NO;
				SWIFT_VERSION = 5.0;
				TEST_HOST = "$(BUILT_PRODUCTS_DIR)/color-picker-for-mac.app/$(BUNDLE_EXECUTABLE_FOLDER_PATH)/color-picker-for-mac";
			};
			name = Release;
		};
		5383D7F42CB86438000AF04E /* Debug */ = {
			isa = XCBuildConfiguration;
			buildSettings = {
				CODE_SIGN_STYLE = Automatic;
				CURRENT_PROJECT_VERSION = 1;
				DEVELOPMENT_TEAM = XDS5JL6ABP;
				GENERATE_INFOPLIST_FILE = YES;
				MARKETING_VERSION = 1.0;
				PRODUCT_BUNDLE_IDENTIFIER = "com.emrecil.color-picker-for-macUITests";
				PRODUCT_NAME = "$(TARGET_NAME)";
				SWIFT_EMIT_LOC_STRINGS = NO;
				SWIFT_VERSION = 5.0;
				TEST_TARGET_NAME = "color-picker-for-mac";
			};
			name = Debug;
		};
		5383D7F52CB86438000AF04E /* Release */ = {
			isa = XCBuildConfiguration;
			buildSettings = {
				CODE_SIGN_STYLE = Automatic;
				CURRENT_PROJECT_VERSION = 1;
				DEVELOPMENT_TEAM = XDS5JL6ABP;
				GENERATE_INFOPLIST_FILE = YES;
				MARKETING_VERSION = 1.0;
				PRODUCT_BUNDLE_IDENTIFIER = "com.emrecil.color-picker-for-macUITests";
				PRODUCT_NAME = "$(TARGET_NAME)";
				SWIFT_EMIT_LOC_STRINGS = NO;
				SWIFT_VERSION = 5.0;
				TEST_TARGET_NAME = "color-picker-for-mac";
			};
			name = Release;
		};
/* End XCBuildConfiguration section */

/* Begin XCConfigurationList section */
		5383D7C32CB86437000AF04E /* Build configuration list for PBXProject "color-picker-for-mac" */ = {
			isa = XCConfigurationList;
			buildConfigurations = (
				5383D7EB2CB86438000AF04E /* Debug */,
				5383D7EC2CB86438000AF04E /* Release */,
			);
			defaultConfigurationIsVisible = 0;
			defaultConfigurationName = Release;
		};
		5383D7ED2CB86438000AF04E /* Build configuration list for PBXNativeTarget "color-picker-for-mac" */ = {
			isa = XCConfigurationList;
			buildConfigurations = (
				5383D7EE2CB86438000AF04E /* Debug */,
				5383D7EF2CB86438000AF04E /* Release */,
			);
			defaultConfigurationIsVisible = 0;
			defaultConfigurationName = Release;
		};
		5383D7F02CB86438000AF04E /* Build configuration list for PBXNativeTarget "color-picker-for-macTests" */ = {
			isa = XCConfigurationList;
			buildConfigurations = (
				5383D7F12CB86438000AF04E /* Debug */,
				5383D7F22CB86438000AF04E /* Release */,
			);
			defaultConfigurationIsVisible = 0;
			defaultConfigurationName = Release;
		};
		5383D7F32CB86438000AF04E /* Build configuration list for PBXNativeTarget "color-picker-for-macUITests" */ = {
			isa = XCConfigurationList;
			buildConfigurations = (
				5383D7F42CB86438000AF04E /* Debug */,
				5383D7F52CB86438000AF04E /* Release */,
			);
			defaultConfigurationIsVisible = 0;
			defaultConfigurationName = Release;
		};
/* End XCConfigurationList section */
	};
	rootObject = 5383D7C02CB86437000AF04E /* Project object */;
}
